
Microsoft Visual Studio Solution File, Format Version 12.00
# Visual Studio Version 17
VisualStudioVersion = 17.7.34202.233
MinimumVisualStudioVersion = 10.0.40219.1
Project("{9A19103F-16F7-4668-BE54-9A1E7A4F7556}") = "WebApplication3", "WebApplication3.csproj", "{48CFCAF4-84BE-4357-8976-992A1BABA598}"
EndProject
Global
	GlobalSection(SolutionConfigurationPlatforms) = preSolution
		Debug|Any CPU = Debug|Any CPU
		Release|Any CPU = Release|Any CPU
	EndGlobalSection
	GlobalSection(ProjectConfigurationPlatforms) = postSolution
		{48CFCAF4-84BE-4357-8976-992A1BABA598}.Debug|Any CPU.ActiveCfg = Debug|Any CPU
		{48CFCAF4-84BE-4357-8976-992A1BABA598}.Debug|Any CPU.Build.0 = Debug|Any CPU
		{48CFCAF4-84BE-4357-8976-992A1BABA598}.Release|Any CPU.ActiveCfg = Release|Any CPU
		{48CFCAF4-84BE-4357-8976-992A1BABA598}.Release|Any CPU.Build.0 = Release|Any CPU
	EndGlobalSection
	GlobalSection(SolutionProperties) = preSolution
		HideSolutionNode = FALSE
	EndGlobalSection
	GlobalSection(ExtensibilityGlobals) = postSolution
		SolutionGuid = {5AB97E81-3C03-44BD-B32B-2978DD5B0F5B}
	EndGlobalSection
EndGlobal
